
Microsoft Visual Studio Solution File, Format Version 12.00
# Visual Studio Version 17
VisualStudioVersion = 17.13.35919.96 d17.13
MinimumVisualStudioVersion = 10.0.40219.1
Project("{C9674DCB-5085-4A16-B785-4C70DD1589BD}") = "Infraciones_BigData", "Infraciones_BigData\Infraciones_BigData.dtproj", "{F2503307-1D49-8020-5A7A-9AA51B39A7AB}"
EndProject
Global
	GlobalSection(SolutionConfigurationPlatforms) = preSolution
		Development|Default = Development|Default
	EndGlobalSection
	GlobalSection(ProjectConfigurationPlatforms) = postSolution
		{F2503307-1D49-8020-5A7A-9AA51B39A7AB}.Development|Default.ActiveCfg = Development
		{F2503307-1D49-8020-5A7A-9AA51B39A7AB}.Development|Default.Build.0 = Development
	EndGlobalSection
	GlobalSection(SolutionProperties) = preSolution
		HideSolutionNode = FALSE
	EndGlobalSection
	GlobalSection(ExtensibilityGlobals) = postSolution
		SolutionGuid = {59F03991-E531-4F3C-83D1-1214ABBDA06A}
	EndGlobalSection
EndGlobal
